
Microsoft Visual Studio Solution File, Format Version 12.00
# Visual Studio 2013
VisualStudioVersion = 12.0.30501.0
MinimumVisualStudioVersion = 10.0.40219.1
Project("{F184B08F-C81C-45F6-A57F-5ABD9991F28F}") = "ImageModifier", "ImageModifier.vbproj", "{37591815-9A2E-4A15-9EB0-2EC9E61E7DA2}"
EndProject
Global
	GlobalSection(SolutionConfigurationPlatforms) = preSolution
		Debug|Any CPU = Debug|Any CPU
		Release|Any CPU = Release|Any CPU
	EndGlobalSection
	GlobalSection(ProjectConfigurationPlatforms) = postSolution
		{37591815-9A2E-4A15-9EB0-2EC9E61E7DA2}.Debug|Any CPU.ActiveCfg = Debug|Any CPU
		{37591815-9A2E-4A15-9EB0-2EC9E61E7DA2}.Debug|Any CPU.Build.0 = Debug|Any CPU
		{37591815-9A2E-4A15-9EB0-2EC9E61E7DA2}.Release|Any CPU.ActiveCfg = Release|Any CPU
		{37591815-9A2E-4A15-9EB0-2EC9E61E7DA2}.Release|Any CPU.Build.0 = Release|Any CPU
	EndGlobalSection
	GlobalSection(SolutionProperties) = preSolution
		HideSolutionNode = FALSE
	EndGlobalSection
EndGlobal
